# THIS IS AN AUTOGENERATED FILE. DO NOT EDIT THIS FILE DIRECTLY.
# yarn lockfile v1


dayjs@^1.10.3:
  version "1.10.3"
  resolved "https://registry.npmjs.org/dayjs/-/dayjs-1.10.3.tgz#cf3357c8e7f508432826371672ebf376cb7d619b"
  integrity sha512-/2fdLN987N8Ki7Id8BUN2nhuiRyxTLumQnSQf9CNncFCyqFsSKb9TNhzRYcC8K8eJSJOKvbvkImo/MKKhNi4iw==
